
Microsoft Visual Studio Solution File, Format Version 12.00
# Visual Studio 15
VisualStudioVersion = 15.0.28307.902
MinimumVisualStudioVersion = 10.0.40219.1
Project("{888888A0-9F3D-457C-B088-3A5042F75D52}") = "Image Processing", "Image Processing.pyproj", "{4E2AC48C-7B22-4E47-B3DC-27508138796F}"
EndProject
Global
	GlobalSection(SolutionConfigurationPlatforms) = preSolution
		Debug|Any CPU = Debug|Any CPU
		Release|Any CPU = Release|Any CPU
	EndGlobalSection
	GlobalSection(ProjectConfigurationPlatforms) = postSolution
		{4E2AC48C-7B22-4E47-B3DC-27508138796F}.Debug|Any CPU.ActiveCfg = Debug|Any CPU
		{4E2AC48C-7B22-4E47-B3DC-27508138796F}.Release|Any CPU.ActiveCfg = Release|Any CPU
	EndGlobalSection
	GlobalSection(SolutionProperties) = preSolution
		HideSolutionNode = FALSE
	EndGlobalSection
	GlobalSection(ExtensibilityGlobals) = postSolution
		SolutionGuid = {6CD0117B-655C-4006-B33D-0113A9771891}
	EndGlobalSection
EndGlobal
